{
  "name": "ajs-homeworks-3",
  "version": "1.0.0",
  "lockfileVersion": 2,
  "requires": true,
  "packages": {
    "": {
      "name": "ajs-homeworks-3",
      "version": "1.0.0",
      "license": "ISC",
      "dependencies": {
        "@rt-vinsent/ajs": "^1.0.0"
      }
    },
    "node_modules/@rt-vinsent/ajs": {
      "version": "1.0.0",
      "resolved": "https://npm.pkg.github.com/download/@rt-vinsent/ajs/1.0.0/53564c89a4a3e447c972b18dda6e24ce5a0db84ed6b2054693975fdf8015af05",
      "integrity": "sha512-piVBeZk5aBSJiyb0lnje2aH5eDLxmiPx/Yn9SbnYSq+EDVWdIXT19F1PrdKpFA3tb3pE4Des8mNS7S5VsIVwYg==",
      "license": "ISC"
    }
  },
  "dependencies": {
    "@rt-vinsent/ajs": {
      "version": "1.0.0",
      "resolved": "https://npm.pkg.github.com/download/@rt-vinsent/ajs/1.0.0/53564c89a4a3e447c972b18dda6e24ce5a0db84ed6b2054693975fdf8015af05",
      "integrity": "sha512-piVBeZk5aBSJiyb0lnje2aH5eDLxmiPx/Yn9SbnYSq+EDVWdIXT19F1PrdKpFA3tb3pE4Des8mNS7S5VsIVwYg=="
    }
  }
}
